
Microsoft Visual Studio Solution File, Format Version 12.00
# Visual Studio Version 16
VisualStudioVersion = 16.0.30413.136
MinimumVisualStudioVersion = 10.0.40219.1
Project("{8BC9CEB8-8B4A-11D0-8D11-00A0C91BC942}") = "Shifr1", "Shifr1\Shifr1.vcxproj", "{78D0C9AC-385E-41D3-8A05-A6C40D2EBEB9}"
EndProject
Global
	GlobalSection(SolutionConfigurationPlatforms) = preSolution
		Debug|x64 = Debug|x64
		Debug|x86 = Debug|x86
		Release|x64 = Release|x64
		Release|x86 = Release|x86
	EndGlobalSection
	GlobalSection(ProjectConfigurationPlatforms) = postSolution
		{78D0C9AC-385E-41D3-8A05-A6C40D2EBEB9}.Debug|x64.ActiveCfg = Debug|x64
		{78D0C9AC-385E-41D3-8A05-A6C40D2EBEB9}.Debug|x64.Build.0 = Debug|x64
		{78D0C9AC-385E-41D3-8A05-A6C40D2EBEB9}.Debug|x86.ActiveCfg = Debug|Win32
		{78D0C9AC-385E-41D3-8A05-A6C40D2EBEB9}.Debug|x86.Build.0 = Debug|Win32
		{78D0C9AC-385E-41D3-8A05-A6C40D2EBEB9}.Release|x64.ActiveCfg = Release|x64
		{78D0C9AC-385E-41D3-8A05-A6C40D2EBEB9}.Release|x64.Build.0 = Release|x64
		{78D0C9AC-385E-41D3-8A05-A6C40D2EBEB9}.Release|x86.ActiveCfg = Release|Win32
		{78D0C9AC-385E-41D3-8A05-A6C40D2EBEB9}.Release|x86.Build.0 = Release|Win32
	EndGlobalSection
	GlobalSection(SolutionProperties) = preSolution
		HideSolutionNode = FALSE
	EndGlobalSection
	GlobalSection(ExtensibilityGlobals) = postSolution
		SolutionGuid = {5712C7D9-3F19-4661-A256-A154E7E98F2F}
	EndGlobalSection
EndGlobal
